
Microsoft Visual Studio Solution File, Format Version 12.00
# Visual Studio Version 16
VisualStudioVersion = 16.0.30320.27
MinimumVisualStudioVersion = 10.0.40219.1
Project("{888888A0-9F3D-457C-B088-3A5042F75D52}") = "3 body problem 2d", "3 body problem 2d.pyproj", "{92DB81BC-B109-468C-9E5D-E49DC0443B01}"
EndProject
Global
	GlobalSection(SolutionConfigurationPlatforms) = preSolution
		Debug|Any CPU = Debug|Any CPU
		Release|Any CPU = Release|Any CPU
	EndGlobalSection
	GlobalSection(ProjectConfigurationPlatforms) = postSolution
		{92DB81BC-B109-468C-9E5D-E49DC0443B01}.Debug|Any CPU.ActiveCfg = Debug|Any CPU
		{92DB81BC-B109-468C-9E5D-E49DC0443B01}.Release|Any CPU.ActiveCfg = Release|Any CPU
	EndGlobalSection
	GlobalSection(SolutionProperties) = preSolution
		HideSolutionNode = FALSE
	EndGlobalSection
	GlobalSection(ExtensibilityGlobals) = postSolution
		SolutionGuid = {778BA377-4465-4BDC-8FA2-E98BA7820106}
	EndGlobalSection
EndGlobal
