
Microsoft Visual Studio Solution File, Format Version 12.00
# Visual Studio Version 16
VisualStudioVersion = 16.0.30225.117
MinimumVisualStudioVersion = 10.0.40219.1
Project("{8BC9CEB8-8B4A-11D0-8D11-00A0C91BC942}") = "LogisticMap", "LogisticMap\LogisticMap.vcxproj", "{638162D6-BC93-4430-865F-957829AD097F}"
EndProject
Global
	GlobalSection(SolutionConfigurationPlatforms) = preSolution
		Debug|x64 = Debug|x64
		Debug|x86 = Debug|x86
		Release|x64 = Release|x64
		Release|x86 = Release|x86
	EndGlobalSection
	GlobalSection(ProjectConfigurationPlatforms) = postSolution
		{638162D6-BC93-4430-865F-957829AD097F}.Debug|x64.ActiveCfg = Debug|x64
		{638162D6-BC93-4430-865F-957829AD097F}.Debug|x64.Build.0 = Debug|x64
		{638162D6-BC93-4430-865F-957829AD097F}.Debug|x86.ActiveCfg = Debug|Win32
		{638162D6-BC93-4430-865F-957829AD097F}.Debug|x86.Build.0 = Debug|Win32
		{638162D6-BC93-4430-865F-957829AD097F}.Release|x64.ActiveCfg = Release|x64
		{638162D6-BC93-4430-865F-957829AD097F}.Release|x64.Build.0 = Release|x64
		{638162D6-BC93-4430-865F-957829AD097F}.Release|x86.ActiveCfg = Release|Win32
		{638162D6-BC93-4430-865F-957829AD097F}.Release|x86.Build.0 = Release|Win32
	EndGlobalSection
	GlobalSection(SolutionProperties) = preSolution
		HideSolutionNode = FALSE
	EndGlobalSection
	GlobalSection(ExtensibilityGlobals) = postSolution
		SolutionGuid = {F095B7BB-6BE5-4846-BA44-761FDD498556}
	EndGlobalSection
EndGlobal
